
Microsoft Visual Studio Solution File, Format Version 12.00
# Visual Studio Version 16
VisualStudioVersion = 16.0.30204.135
MinimumVisualStudioVersion = 10.0.40219.1
Project("{FAE04EC0-301F-11D3-BF4B-00C04F79EFBC}") = "ConsoleTest", "ConsoleTest\ConsoleTest.csproj", "{42E37881-0937-4229-8AF0-96407729E775}"
EndProject
Project("{FAE04EC0-301F-11D3-BF4B-00C04F79EFBC}") = "Dub", "Dub\Dub.csproj", "{23F5BCDD-6EA6-496C-A4EB-C1AE88C6661E}"
EndProject
Project("{FAE04EC0-301F-11D3-BF4B-00C04F79EFBC}") = "EngineProject", "EngineProject\EngineProject.csproj", "{68EC156D-0ABB-4F1D-93BC-F937D4E18A51}"
EndProject
Global
	GlobalSection(SolutionConfigurationPlatforms) = preSolution
		Debug|Any CPU = Debug|Any CPU
		Release|Any CPU = Release|Any CPU
	EndGlobalSection
	GlobalSection(ProjectConfigurationPlatforms) = postSolution
		{42E37881-0937-4229-8AF0-96407729E775}.Debug|Any CPU.ActiveCfg = Debug|Any CPU
		{42E37881-0937-4229-8AF0-96407729E775}.Debug|Any CPU.Build.0 = Debug|Any CPU
		{42E37881-0937-4229-8AF0-96407729E775}.Release|Any CPU.ActiveCfg = Release|Any CPU
		{42E37881-0937-4229-8AF0-96407729E775}.Release|Any CPU.Build.0 = Release|Any CPU
		{23F5BCDD-6EA6-496C-A4EB-C1AE88C6661E}.Debug|Any CPU.ActiveCfg = Debug|Any CPU
		{23F5BCDD-6EA6-496C-A4EB-C1AE88C6661E}.Debug|Any CPU.Build.0 = Debug|Any CPU
		{23F5BCDD-6EA6-496C-A4EB-C1AE88C6661E}.Release|Any CPU.ActiveCfg = Release|Any CPU
		{23F5BCDD-6EA6-496C-A4EB-C1AE88C6661E}.Release|Any CPU.Build.0 = Release|Any CPU
		{68EC156D-0ABB-4F1D-93BC-F937D4E18A51}.Debug|Any CPU.ActiveCfg = Debug|Any CPU
		{68EC156D-0ABB-4F1D-93BC-F937D4E18A51}.Debug|Any CPU.Build.0 = Debug|Any CPU
		{68EC156D-0ABB-4F1D-93BC-F937D4E18A51}.Release|Any CPU.ActiveCfg = Release|Any CPU
		{68EC156D-0ABB-4F1D-93BC-F937D4E18A51}.Release|Any CPU.Build.0 = Release|Any CPU
	EndGlobalSection
	GlobalSection(SolutionProperties) = preSolution
		HideSolutionNode = FALSE
	EndGlobalSection
	GlobalSection(ExtensibilityGlobals) = postSolution
		SolutionGuid = {C2A97AD3-3AB1-4EA0-9D89-70693FCBA38C}
	EndGlobalSection
EndGlobal
